{
  "name": "server",
  "version": "1.0.0",
  "lockfileVersion": 3,
  "requires": true,
  "packages": {
    "": {
      "name": "server",
      "version": "1.0.0",
      "dependencies": {
        "chalk": "^5.4.1",
        "text-to-speech": "^1.0.11"
      }
    },
    "node_modules/chalk": {
      "version": "5.4.1",
      "resolved": "https://registry.npmjs.org/chalk/-/chalk-5.4.1.tgz",
      "integrity": "sha512-zgVZuo2WcZgfUEmsn6eO3kINexW8RAE4maiQ8QNs8CtpPCSyMiYsULR3HQYkm3w8FIA3SberyMJMSldGsW+U3w==",
      "license": "MIT",
      "engines": {
        "node": "^12.17.0 || ^14.13 || >=16.0.0"
      },
      "funding": {
        "url": "https://github.com/chalk/chalk?sponsor=1"
      }
    },
    "node_modules/text-to-speech": {
      "version": "1.0.11",
      "resolved": "https://registry.npmjs.org/text-to-speech/-/text-to-speech-1.0.11.tgz",
      "integrity": "sha512-rDe+H8olcxGb+GLp6Hvrr/avVkSLfxVUsswGYA5ilDkuO4V5SqqZ+344E6zkG20F1N8uyEObn+D1IWKvcN2bhQ==",
      "license": "MIT"
    }
  }
}
